
Microsoft Visual Studio Solution File, Format Version 12.00
# Visual Studio Version 16
VisualStudioVersion = 16.0.29613.14
MinimumVisualStudioVersion = 10.0.40219.1
Project("{FAE04EC0-301F-11D3-BF4B-00C04F79EFBC}") = "ChurchManager", "ChurchManager\ChurchManager.csproj", "{9DA1B658-F928-4747-85E0-A3A6ED11D9ED}"
EndProject
Global
	GlobalSection(SolutionConfigurationPlatforms) = preSolution
		Debug|Any CPU = Debug|Any CPU
		Release|Any CPU = Release|Any CPU
	EndGlobalSection
	GlobalSection(ProjectConfigurationPlatforms) = postSolution
		{9DA1B658-F928-4747-85E0-A3A6ED11D9ED}.Debug|Any CPU.ActiveCfg = Debug|Any CPU
		{9DA1B658-F928-4747-85E0-A3A6ED11D9ED}.Debug|Any CPU.Build.0 = Debug|Any CPU
		{9DA1B658-F928-4747-85E0-A3A6ED11D9ED}.Release|Any CPU.ActiveCfg = Release|Any CPU
		{9DA1B658-F928-4747-85E0-A3A6ED11D9ED}.Release|Any CPU.Build.0 = Release|Any CPU
	EndGlobalSection
	GlobalSection(SolutionProperties) = preSolution
		HideSolutionNode = FALSE
	EndGlobalSection
	GlobalSection(ExtensibilityGlobals) = postSolution
		SolutionGuid = {7E24A353-F554-48E6-9E37-93F4D866D8BE}
	EndGlobalSection
EndGlobal
